
Microsoft Visual Studio Solution File, Format Version 12.00
# Visual Studio Version 17
VisualStudioVersion = 17.9.34723.18
MinimumVisualStudioVersion = 10.0.40219.1
Project("{FAE04EC0-301F-11D3-BF4B-00C04F79EFBC}") = "OrangeDemo", "OrangeDemo\OrangeDemo.csproj", "{44D4917D-36A6-40AD-AD26-43F5AB677EBF}"
EndProject
Global
	GlobalSection(SolutionConfigurationPlatforms) = preSolution
		Debug|Any CPU = Debug|Any CPU
		Release|Any CPU = Release|Any CPU
	EndGlobalSection
	GlobalSection(ProjectConfigurationPlatforms) = postSolution
		{44D4917D-36A6-40AD-AD26-43F5AB677EBF}.Debug|Any CPU.ActiveCfg = Debug|Any CPU
		{44D4917D-36A6-40AD-AD26-43F5AB677EBF}.Debug|Any CPU.Build.0 = Debug|Any CPU
		{44D4917D-36A6-40AD-AD26-43F5AB677EBF}.Release|Any CPU.ActiveCfg = Release|Any CPU
		{44D4917D-36A6-40AD-AD26-43F5AB677EBF}.Release|Any CPU.Build.0 = Release|Any CPU
	EndGlobalSection
	GlobalSection(SolutionProperties) = preSolution
		HideSolutionNode = FALSE
	EndGlobalSection
	GlobalSection(ExtensibilityGlobals) = postSolution
		SolutionGuid = {6C12C1F2-2326-46B3-B447-7DA5D733E706}
	EndGlobalSection
EndGlobal
